
Microsoft Visual Studio Solution File, Format Version 12.00
# Visual Studio Version 17
VisualStudioVersion = 17.0.32126.317
MinimumVisualStudioVersion = 10.0.40219.1
Project("{FAE04EC0-301F-11D3-BF4B-00C04F79EFBC}") = "CreateCollegeDirectories", "CreateCollegeDirectories\CreateCollegeDirectories.csproj", "{DB70F06B-B2DF-415F-B4FC-78442A47D0AE}"
EndProject
Global
	GlobalSection(SolutionConfigurationPlatforms) = preSolution
		Debug|Any CPU = Debug|Any CPU
		Release|Any CPU = Release|Any CPU
	EndGlobalSection
	GlobalSection(ProjectConfigurationPlatforms) = postSolution
		{DB70F06B-B2DF-415F-B4FC-78442A47D0AE}.Debug|Any CPU.ActiveCfg = Debug|Any CPU
		{DB70F06B-B2DF-415F-B4FC-78442A47D0AE}.Debug|Any CPU.Build.0 = Debug|Any CPU
		{DB70F06B-B2DF-415F-B4FC-78442A47D0AE}.Release|Any CPU.ActiveCfg = Release|Any CPU
		{DB70F06B-B2DF-415F-B4FC-78442A47D0AE}.Release|Any CPU.Build.0 = Release|Any CPU
	EndGlobalSection
	GlobalSection(SolutionProperties) = preSolution
		HideSolutionNode = FALSE
	EndGlobalSection
	GlobalSection(ExtensibilityGlobals) = postSolution
		SolutionGuid = {32042AA3-69B4-4228-9276-CD8A1ACD4261}
	EndGlobalSection
EndGlobal
